
Microsoft Visual Studio Solution File, Format Version 12.00
# Visual Studio Version 17
VisualStudioVersion = 17.5.002.0
MinimumVisualStudioVersion = 10.0.40219.1
Project("{9A19103F-16F7-4668-BE54-9A1E7A4F7556}") = "SaveVault", "SaveVault.csproj", "{F48D68C1-D553-479A-BE02-27E771300C6E}"
EndProject
Global
	GlobalSection(SolutionConfigurationPlatforms) = preSolution
		Debug|Any CPU = Debug|Any CPU
		Release|Any CPU = Release|Any CPU
	EndGlobalSection
	GlobalSection(ProjectConfigurationPlatforms) = postSolution
		{F48D68C1-D553-479A-BE02-27E771300C6E}.Debug|Any CPU.ActiveCfg = Debug|Any CPU
		{F48D68C1-D553-479A-BE02-27E771300C6E}.Debug|Any CPU.Build.0 = Debug|Any CPU
		{F48D68C1-D553-479A-BE02-27E771300C6E}.Release|Any CPU.ActiveCfg = Release|Any CPU
		{F48D68C1-D553-479A-BE02-27E771300C6E}.Release|Any CPU.Build.0 = Release|Any CPU
	EndGlobalSection
	GlobalSection(SolutionProperties) = preSolution
		HideSolutionNode = FALSE
	EndGlobalSection
	GlobalSection(ExtensibilityGlobals) = postSolution
		SolutionGuid = {EBC543EA-FFAF-48B8-B30D-FE6AE9D9F312}
	EndGlobalSection
EndGlobal
